// !$*UTF8*$!
{
	archiveVersion = 1;
	classes = {
	};
	objectVersion = 48;
	objects = {

/* Begin PBXBuildFile section */
		8D6FE3FA1FCF0526008F2A12 /* PhotosRequest.swift in Sources */ = {isa = PBXBuildFile; fileRef = 8D6FE3F91FCF0526008F2A12 /* PhotosRequest.swift */; };
		8D95C5071FC31269009C5FA1 /* Unswash.framework in Frameworks */ = {isa = PBXBuildFile; fileRef = 8D95C4FD1FC31269009C5FA1 /* Unswash.framework */; };
		8D95C50C1FC31269009C5FA1 /* UnswashTests.swift in Sources */ = {isa = PBXBuildFile; fileRef = 8D95C50B1FC31269009C5FA1 /* UnswashTests.swift */; };
		8D95C50E1FC31269009C5FA1 /* Unswash.h in Headers */ = {isa = PBXBuildFile; fileRef = 8D95C5001FC31269009C5FA1 /* Unswash.h */; settings = {ATTRIBUTES = (Public, ); }; };
		8D95C5281FC313CF009C5FA1 /* ImageCollectionViewCell.xib in Resources */ = {isa = PBXBuildFile; fileRef = 8D95C51F1FC313CF009C5FA1 /* ImageCollectionViewCell.xib */; };
		8D95C5291FC313CF009C5FA1 /* ImageCollectionViewCell.swift in Sources */ = {isa = PBXBuildFile; fileRef = 8D95C5201FC313CF009C5FA1 /* ImageCollectionViewCell.swift */; };
		8D95C52A1FC313CF009C5FA1 /* UnswashPhotoViewController.xib in Resources */ = {isa = PBXBuildFile; fileRef = 8D95C5211FC313CF009C5FA1 /* UnswashPhotoViewController.xib */; };
		8D95C52B1FC313CF009C5FA1 /* UnswashPhotoViewController.swift in Sources */ = {isa = PBXBuildFile; fileRef = 8D95C5221FC313CF009C5FA1 /* UnswashPhotoViewController.swift */; };
		8D95C52C1FC313CF009C5FA1 /* Request.swift in Sources */ = {isa = PBXBuildFile; fileRef = 8D95C5241FC313CF009C5FA1 /* Request.swift */; };
		8D95C52D1FC313CF009C5FA1 /* Collection.swift in Sources */ = {isa = PBXBuildFile; fileRef = 8D95C5261FC313CF009C5FA1 /* Collection.swift */; };
		8D95C52E1FC313CF009C5FA1 /* Photo.swift in Sources */ = {isa = PBXBuildFile; fileRef = 8D95C5271FC313CF009C5FA1 /* Photo.swift */; };
		8D95C5301FC3140E009C5FA1 /* Unswash.swift in Sources */ = {isa = PBXBuildFile; fileRef = 8D95C52F1FC3140E009C5FA1 /* Unswash.swift */; };
		8DA063BA1FC43FF900F3CBA6 /* User.swift in Sources */ = {isa = PBXBuildFile; fileRef = 8DA063B91FC43FF900F3CBA6 /* User.swift */; };
		8DD5C87E1FC822EF00CB6E8D /* Errors.swift in Sources */ = {isa = PBXBuildFile; fileRef = 8DD5C87D1FC822EF00CB6E8D /* Errors.swift */; };
/* End PBXBuildFile section */

/* Begin PBXContainerItemProxy section */
		8D95C5081FC31269009C5FA1 /* PBXContainerItemProxy */ = {
			isa = PBXContainerItemProxy;
			containerPortal = 8D95C4F41FC31269009C5FA1 /* Project object */;
			proxyType = 1;
			remoteGlobalIDString = 8D95C4FC1FC31269009C5FA1;
			remoteInfo = Unswash;
		};
/* End PBXContainerItemProxy section */

/* Begin PBXFileReference section */
		8D6FE3F91FCF0526008F2A12 /* PhotosRequest.swift */ = {isa = PBXFileReference; lastKnownFileType = sourcecode.swift; path = PhotosRequest.swift; sourceTree = "<group>"; };
		8D95C4FD1FC31269009C5FA1 /* Unswash.framework */ = {isa = PBXFileReference; explicitFileType = wrapper.framework; includeInIndex = 0; path = Unswash.framework; sourceTree = BUILT_PRODUCTS_DIR; };
		8D95C5001FC31269009C5FA1 /* Unswash.h */ = {isa = PBXFileReference; lastKnownFileType = sourcecode.c.h; path = Unswash.h; sourceTree = "<group>"; };
		8D95C5011FC31269009C5FA1 /* Info.plist */ = {isa = PBXFileReference; lastKnownFileType = text.plist.xml; path = Info.plist; sourceTree = "<group>"; };
		8D95C5061FC31269009C5FA1 /* UnswashTests.xctest */ = {isa = PBXFileReference; explicitFileType = wrapper.cfbundle; includeInIndex = 0; path = UnswashTests.xctest; sourceTree = BUILT_PRODUCTS_DIR; };
		8D95C50B1FC31269009C5FA1 /* UnswashTests.swift */ = {isa = PBXFileReference; lastKnownFileType = sourcecode.swift; path = UnswashTests.swift; sourceTree = "<group>"; };
		8D95C50D1FC31269009C5FA1 /* Info.plist */ = {isa = PBXFileReference; lastKnownFileType = text.plist.xml; path = Info.plist; sourceTree = "<group>"; };
		8D95C51F1FC313CF009C5FA1 /* ImageCollectionViewCell.xib */ = {isa = PBXFileReference; fileEncoding = 4; lastKnownFileType = file.xib; path = ImageCollectionViewCell.xib; sourceTree = "<group>"; };
		8D95C5201FC313CF009C5FA1 /* ImageCollectionViewCell.swift */ = {isa = PBXFileReference; fileEncoding = 4; lastKnownFileType = sourcecode.swift; path = ImageCollectionViewCell.swift; sourceTree = "<group>"; };
		8D95C5211FC313CF009C5FA1 /* UnswashPhotoViewController.xib */ = {isa = PBXFileReference; fileEncoding = 4; lastKnownFileType = file.xib; path = UnswashPhotoViewController.xib; sourceTree = "<group>"; };
		8D95C5221FC313CF009C5FA1 /* UnswashPhotoViewController.swift */ = {isa = PBXFileReference; fileEncoding = 4; lastKnownFileType = sourcecode.swift; path = UnswashPhotoViewController.swift; sourceTree = "<group>"; };
		8D95C5241FC313CF009C5FA1 /* Request.swift */ = {isa = PBXFileReference; fileEncoding = 4; lastKnownFileType = sourcecode.swift; path = Request.swift; sourceTree = "<group>"; };
		8D95C5261FC313CF009C5FA1 /* Collection.swift */ = {isa = PBXFileReference; fileEncoding = 4; lastKnownFileType = sourcecode.swift; path = Collection.swift; sourceTree = "<group>"; };
		8D95C5271FC313CF009C5FA1 /* Photo.swift */ = {isa = PBXFileReference; fileEncoding = 4; lastKnownFileType = sourcecode.swift; path = Photo.swift; sourceTree = "<group>"; };
		8D95C52F1FC3140E009C5FA1 /* Unswash.swift */ = {isa = PBXFileReference; lastKnownFileType = sourcecode.swift; path = Unswash.swift; sourceTree = "<group>"; };
		8DA063B91FC43FF900F3CBA6 /* User.swift */ = {isa = PBXFileReference; lastKnownFileType = sourcecode.swift; path = User.swift; sourceTree = "<group>"; };
		8DD5C87D1FC822EF00CB6E8D /* Errors.swift */ = {isa = PBXFileReference; lastKnownFileType = sourcecode.swift; path = Errors.swift; sourceTree = "<group>"; };
/* End PBXFileReference section */

/* Begin PBXFrameworksBuildPhase section */
		8D95C4F91FC31269009C5FA1 /* Frameworks */ = {
			isa = PBXFrameworksBuildPhase;
			buildActionMask = 2147483647;
			files = (
			);
			runOnlyForDeploymentPostprocessing = 0;
		};
		8D95C5031FC31269009C5FA1 /* Frameworks */ = {
			isa = PBXFrameworksBuildPhase;
			buildActionMask = 2147483647;
			files = (
				8D95C5071FC31269009C5FA1 /* Unswash.framework in Frameworks */,
			);
			runOnlyForDeploymentPostprocessing = 0;
		};
/* End PBXFrameworksBuildPhase section */

/* Begin PBXGroup section */
		8D95C4F31FC31269009C5FA1 = {
			isa = PBXGroup;
			children = (
				8D95C4FE1FC31269009C5FA1 /* Products */,
				8D95C4FF1FC31269009C5FA1 /* Unswash */,
				8D95C50A1FC31269009C5FA1 /* UnswashTests */,
			);
			sourceTree = "<group>";
		};
		8D95C4FE1FC31269009C5FA1 /* Products */ = {
			isa = PBXGroup;
			children = (
				8D95C4FD1FC31269009C5FA1 /* Unswash.framework */,
				8D95C5061FC31269009C5FA1 /* UnswashTests.xctest */,
			);
			name = Products;
			sourceTree = "<group>";
		};
		8D95C4FF1FC31269009C5FA1 /* Unswash */ = {
			isa = PBXGroup;
			children = (
				8D95C5001FC31269009C5FA1 /* Unswash.h */,
				8D95C5011FC31269009C5FA1 /* Info.plist */,
				8D95C5231FC313CF009C5FA1 /* Helper */,
				8D95C5251FC313CF009C5FA1 /* Models */,
				8D95C51D1FC313CF009C5FA1 /* UI */,
				8D95C52F1FC3140E009C5FA1 /* Unswash.swift */,
				8D6FE3F91FCF0526008F2A12 /* PhotosRequest.swift */,
			);
			path = Unswash;
			sourceTree = "<group>";
		};
		8D95C50A1FC31269009C5FA1 /* UnswashTests */ = {
			isa = PBXGroup;
			children = (
				8D95C50B1FC31269009C5FA1 /* UnswashTests.swift */,
				8D95C50D1FC31269009C5FA1 /* Info.plist */,
			);
			path = UnswashTests;
			sourceTree = "<group>";
		};
		8D95C51D1FC313CF009C5FA1 /* UI */ = {
			isa = PBXGroup;
			children = (
				8D95C51E1FC313CF009C5FA1 /* Cells */,
				8D95C5211FC313CF009C5FA1 /* UnswashPhotoViewController.xib */,
				8D95C5221FC313CF009C5FA1 /* UnswashPhotoViewController.swift */,
			);
			path = UI;
			sourceTree = "<group>";
		};
		8D95C51E1FC313CF009C5FA1 /* Cells */ = {
			isa = PBXGroup;
			children = (
				8D95C51F1FC313CF009C5FA1 /* ImageCollectionViewCell.xib */,
				8D95C5201FC313CF009C5FA1 /* ImageCollectionViewCell.swift */,
			);
			path = Cells;
			sourceTree = "<group>";
		};
		8D95C5231FC313CF009C5FA1 /* Helper */ = {
			isa = PBXGroup;
			children = (
				8D95C5241FC313CF009C5FA1 /* Request.swift */,
			);
			path = Helper;
			sourceTree = "<group>";
		};
		8D95C5251FC313CF009C5FA1 /* Models */ = {
			isa = PBXGroup;
			children = (
				8D95C5261FC313CF009C5FA1 /* Collection.swift */,
				8D95C5271FC313CF009C5FA1 /* Photo.swift */,
				8DA063B91FC43FF900F3CBA6 /* User.swift */,
				8DD5C87D1FC822EF00CB6E8D /* Errors.swift */,
			);
			path = Models;
			sourceTree = "<group>";
		};
/* End PBXGroup section */

/* Begin PBXHeadersBuildPhase section */
		8D95C4FA1FC31269009C5FA1 /* Headers */ = {
			isa = PBXHeadersBuildPhase;
			buildActionMask = 2147483647;
			files = (
				8D95C50E1FC31269009C5FA1 /* Unswash.h in Headers */,
			);
			runOnlyForDeploymentPostprocessing = 0;
		};
/* End PBXHeadersBuildPhase section */

/* Begin PBXNativeTarget section */
		8D95C4FC1FC31269009C5FA1 /* Unswash */ = {
			isa = PBXNativeTarget;
			buildConfigurationList = 8D95C5111FC31269009C5FA1 /* Build configuration list for PBXNativeTarget "Unswash" */;
			buildPhases = (
				8D95C4F81FC31269009C5FA1 /* Sources */,
				8D95C4F91FC31269009C5FA1 /* Frameworks */,
				8D95C4FA1FC31269009C5FA1 /* Headers */,
				8D95C4FB1FC31269009C5FA1 /* Resources */,
			);
			buildRules = (
			);
			dependencies = (
			);
			name = Unswash;
			productName = Unswash;
			productReference = 8D95C4FD1FC31269009C5FA1 /* Unswash.framework */;
			productType = "com.apple.product-type.framework";
		};
		8D95C5051FC31269009C5FA1 /* UnswashTests */ = {
			isa = PBXNativeTarget;
			buildConfigurationList = 8D95C5141FC31269009C5FA1 /* Build configuration list for PBXNativeTarget "UnswashTests" */;
			buildPhases = (
				8D95C5021FC31269009C5FA1 /* Sources */,
				8D95C5031FC31269009C5FA1 /* Frameworks */,
				8D95C5041FC31269009C5FA1 /* Resources */,
			);
			buildRules = (
			);
			dependencies = (
				8D95C5091FC31269009C5FA1 /* PBXTargetDependency */,
			);
			name = UnswashTests;
			productName = UnswashTests;
			productReference = 8D95C5061FC31269009C5FA1 /* UnswashTests.xctest */;
			productType = "com.apple.product-type.bundle.unit-test";
		};
/* End PBXNativeTarget section */

/* Begin PBXProject section */
		8D95C4F41FC31269009C5FA1 /* Project object */ = {
			isa = PBXProject;
			attributes = {
				LastSwiftUpdateCheck = 0910;
				LastUpgradeCheck = 1000;
				ORGANIZATIONNAME = "Alexandre Barbier";
				TargetAttributes = {
					8D95C4FC1FC31269009C5FA1 = {
						CreatedOnToolsVersion = 9.1;
						LastSwiftMigration = 1000;
						ProvisioningStyle = Automatic;
					};
					8D95C5051FC31269009C5FA1 = {
						CreatedOnToolsVersion = 9.1;
						LastSwiftMigration = 1000;
						ProvisioningStyle = Automatic;
					};
				};
			};
			buildConfigurationList = 8D95C4F71FC31269009C5FA1 /* Build configuration list for PBXProject "Unswash" */;
			compatibilityVersion = "Xcode 8.0";
			developmentRegion = en;
			hasScannedForEncodings = 0;
			knownRegions = (
				en,
			);
			mainGroup = 8D95C4F31FC31269009C5FA1;
			productRefGroup = 8D95C4FE1FC31269009C5FA1 /* Products */;
			projectDirPath = "";
			projectRoot = "";
			targets = (
				8D95C4FC1FC31269009C5FA1 /* Unswash */,
				8D95C5051FC31269009C5FA1 /* UnswashTests */,
			);
		};
/* End PBXProject section */

/* Begin PBXResourcesBuildPhase section */
		8D95C4FB1FC31269009C5FA1 /* Resources */ = {
			isa = PBXResourcesBuildPhase;
			buildActionMask = 2147483647;
			files = (
				8D95C5281FC313CF009C5FA1 /* ImageCollectionViewCell.xib in Resources */,
				8D95C52A1FC313CF009C5FA1 /* UnswashPhotoViewController.xib in Resources */,
			);
			runOnlyForDeploymentPostprocessing = 0;
		};
		8D95C5041FC31269009C5FA1 /* Resources */ = {
			isa = PBXResourcesBuildPhase;
			buildActionMask = 2147483647;
			files = (
			);
			runOnlyForDeploymentPostprocessing = 0;
		};
/* End PBXResourcesBuildPhase section */

/* Begin PBXSourcesBuildPhase section */
		8D95C4F81FC31269009C5FA1 /* Sources */ = {
			isa = PBXSourcesBuildPhase;
			buildActionMask = 2147483647;
			files = (
				8D95C5291FC313CF009C5FA1 /* ImageCollectionViewCell.swift in Sources */,
				8D95C52C1FC313CF009C5FA1 /* Request.swift in Sources */,
				8D95C52B1FC313CF009C5FA1 /* UnswashPhotoViewController.swift in Sources */,
				8D95C5301FC3140E009C5FA1 /* Unswash.swift in Sources */,
				8DD5C87E1FC822EF00CB6E8D /* Errors.swift in Sources */,
				8D95C52D1FC313CF009C5FA1 /* Collection.swift in Sources */,
				8D95C52E1FC313CF009C5FA1 /* Photo.swift in Sources */,
				8DA063BA1FC43FF900F3CBA6 /* User.swift in Sources */,
				8D6FE3FA1FCF0526008F2A12 /* PhotosRequest.swift in Sources */,
			);
			runOnlyForDeploymentPostprocessing = 0;
		};
		8D95C5021FC31269009C5FA1 /* Sources */ = {
			isa = PBXSourcesBuildPhase;
			buildActionMask = 2147483647;
			files = (
				8D95C50C1FC31269009C5FA1 /* UnswashTests.swift in Sources */,
			);
			runOnlyForDeploymentPostprocessing = 0;
		};
/* End PBXSourcesBuildPhase section */

/* Begin PBXTargetDependency section */
		8D95C5091FC31269009C5FA1 /* PBXTargetDependency */ = {
			isa = PBXTargetDependency;
			target = 8D95C4FC1FC31269009C5FA1 /* Unswash */;
			targetProxy = 8D95C5081FC31269009C5FA1 /* PBXContainerItemProxy */;
		};
/* End PBXTargetDependency section */

/* Begin XCBuildConfiguration section */
		8D95C50F1FC31269009C5FA1 /* Debug */ = {
			isa = XCBuildConfiguration;
			buildSettings = {
				ALWAYS_SEARCH_USER_PATHS = NO;
				CLANG_ANALYZER_NONNULL = YES;
				CLANG_ANALYZER_NUMBER_OBJECT_CONVERSION = YES_AGGRESSIVE;
				CLANG_CXX_LANGUAGE_STANDARD = "gnu++14";
				CLANG_CXX_LIBRARY = "libc++";
				CLANG_ENABLE_MODULES = YES;
				CLANG_ENABLE_OBJC_ARC = YES;
				CLANG_WARN_BLOCK_CAPTURE_AUTORELEASING = YES;
				CLANG_WARN_BOOL_CONVERSION = YES;
				CLANG_WARN_COMMA = YES;
				CLANG_WARN_CONSTANT_CONVERSION = YES;
				CLANG_WARN_DEPRECATED_OBJC_IMPLEMENTATIONS = YES;
				CLANG_WARN_DIRECT_OBJC_ISA_USAGE = YES_ERROR;
				CLANG_WARN_DOCUMENTATION_COMMENTS = YES;
				CLANG_WARN_EMPTY_BODY = YES;
				CLANG_WARN_ENUM_CONVERSION = YES;
				CLANG_WARN_INFINITE_RECURSION = YES;
				CLANG_WARN_INT_CONVERSION = YES;
				CLANG_WARN_NON_LITERAL_NULL_CONVERSION = YES;
				CLANG_WARN_OBJC_IMPLICIT_RETAIN_SELF = YES;
				CLANG_WARN_OBJC_LITERAL_CONVERSION = YES;
				CLANG_WARN_OBJC_ROOT_CLASS = YES_ERROR;
				CLANG_WARN_RANGE_LOOP_ANALYSIS = YES;
				CLANG_WARN_STRICT_PROTOTYPES = YES;
				CLANG_WARN_SUSPICIOUS_MOVE = YES;
				CLANG_WARN_UNGUARDED_AVAILABILITY = YES_AGGRESSIVE;
				CLANG_WARN_UNREACHABLE_CODE = YES;
				CLANG_WARN__DUPLICATE_METHOD_MATCH = YES;
				CODE_SIGN_IDENTITY = "iPhone Developer";
				COPY_PHASE_STRIP = NO;
				CURRENT_PROJECT_VERSION = 1;
				DEBUG_INFORMATION_FORMAT = dwarf;
				ENABLE_STRICT_OBJC_MSGSEND = YES;
				ENABLE_TESTABILITY = YES;
				GCC_C_LANGUAGE_STANDARD = gnu11;
				GCC_DYNAMIC_NO_PIC = NO;
				GCC_NO_COMMON_BLOCKS = YES;
				GCC_OPTIMIZATION_LEVEL = 0;
				GCC_PREPROCESSOR_DEFINITIONS = (
					"DEBUG=1",
					"$(inherited)",
				);
				GCC_WARN_64_TO_32_BIT_CONVERSION = YES;
				GCC_WARN_ABOUT_RETURN_TYPE = YES_ERROR;
				GCC_WARN_UNDECLARED_SELECTOR = YES;
				GCC_WARN_UNINITIALIZED_AUTOS = YES_AGGRESSIVE;
				GCC_WARN_UNUSED_FUNCTION = YES;
				GCC_WARN_UNUSED_VARIABLE = YES;
				IPHONEOS_DEPLOYMENT_TARGET = 11.1;
				MTL_ENABLE_DEBUG_INFO = YES;
				ONLY_ACTIVE_ARCH = YES;
				SDKROOT = iphoneos;
				SWIFT_ACTIVE_COMPILATION_CONDITIONS = DEBUG;
				SWIFT_OPTIMIZATION_LEVEL = "-Onone";
				SWIFT_VERSION = 4.2;
				VERSIONING_SYSTEM = "apple-generic";
				VERSION_INFO_PREFIX = "";
			};
			name = Debug;
		};
		8D95C5101FC31269009C5FA1 /* Release */ = {
			isa = XCBuildConfiguration;
			buildSettings = {
				ALWAYS_SEARCH_USER_PATHS = NO;
				CLANG_ANALYZER_NONNULL = YES;
				CLANG_ANALYZER_NUMBER_OBJECT_CONVERSION = YES_AGGRESSIVE;
				CLANG_CXX_LANGUAGE_STANDARD = "gnu++14";
				CLANG_CXX_LIBRARY = "libc++";
				CLANG_ENABLE_MODULES = YES;
				CLANG_ENABLE_OBJC_ARC = YES;
				CLANG_WARN_BLOCK_CAPTURE_AUTORELEASING = YES;
				CLANG_WARN_BOOL_CONVERSION = YES;
				CLANG_WARN_COMMA = YES;
				CLANG_WARN_CONSTANT_CONVERSION = YES;
				CLANG_WARN_DEPRECATED_OBJC_IMPLEMENTATIONS = YES;
				CLANG_WARN_DIRECT_OBJC_ISA_USAGE = YES_ERROR;
				CLANG_WARN_DOCUMENTATION_COMMENTS = YES;
				CLANG_WARN_EMPTY_BODY = YES;
				CLANG_WARN_ENUM_CONVERSION = YES;
				CLANG_WARN_INFINITE_RECURSION = YES;
				CLANG_WARN_INT_CONVERSION = YES;
				CLANG_WARN_NON_LITERAL_NULL_CONVERSION = YES;
				CLANG_WARN_OBJC_IMPLICIT_RETAIN_SELF = YES;
				CLANG_WARN_OBJC_LITERAL_CONVERSION = YES;
				CLANG_WARN_OBJC_ROOT_CLASS = YES_ERROR;
				CLANG_WARN_RANGE_LOOP_ANALYSIS = YES;
				CLANG_WARN_STRICT_PROTOTYPES = YES;
				CLANG_WARN_SUSPICIOUS_MOVE = YES;
				CLANG_WARN_UNGUARDED_AVAILABILITY = YES_AGGRESSIVE;
				CLANG_WARN_UNREACHABLE_CODE = YES;
				CLANG_WARN__DUPLICATE_METHOD_MATCH = YES;
				CODE_SIGN_IDENTITY = "iPhone Developer";
				COPY_PHASE_STRIP = NO;
				CURRENT_PROJECT_VERSION = 1;
				DEBUG_INFORMATION_FORMAT = "dwarf-with-dsym";
				ENABLE_NS_ASSERTIONS = NO;
				ENABLE_STRICT_OBJC_MSGSEND = YES;
				GCC_C_LANGUAGE_STANDARD = gnu11;
				GCC_NO_COMMON_BLOCKS = YES;
				GCC_WARN_64_TO_32_BIT_CONVERSION = YES;
				GCC_WARN_ABOUT_RETURN_TYPE = YES_ERROR;
				GCC_WARN_UNDECLARED_SELECTOR = YES;
				GCC_WARN_UNINITIALIZED_AUTOS = YES_AGGRESSIVE;
				GCC_WARN_UNUSED_FUNCTION = YES;
				GCC_WARN_UNUSED_VARIABLE = YES;
				IPHONEOS_DEPLOYMENT_TARGET = 11.1;
				MTL_ENABLE_DEBUG_INFO = NO;
				SDKROOT = iphoneos;
				SWIFT_OPTIMIZATION_LEVEL = "-Owholemodule";
				SWIFT_VERSION = 4.2;
				VALIDATE_PRODUCT = YES;
				VERSIONING_SYSTEM = "apple-generic";
				VERSION_INFO_PREFIX = "";
			};
			name = Release;
		};
		8D95C5121FC31269009C5FA1 /* Debug */ = {
			isa = XCBuildConfiguration;
			buildSettings = {
				CODE_SIGN_IDENTITY = "";
				CODE_SIGN_STYLE = Automatic;
				DEFINES_MODULE = YES;
				DEVELOPMENT_TEAM = GSBM8D97ZM;
				DYLIB_COMPATIBILITY_VERSION = 1;
				DYLIB_CURRENT_VERSION = 1;
				DYLIB_INSTALL_NAME_BASE = "@rpath";
				INFOPLIST_FILE = Unswash/Info.plist;
				INSTALL_PATH = "$(LOCAL_LIBRARY_DIR)/Frameworks";
				IPHONEOS_DEPLOYMENT_TARGET = 9.0;
				LD_RUNPATH_SEARCH_PATHS = "$(inherited) @executable_path/Frameworks @loader_path/Frameworks";
				ONLY_ACTIVE_ARCH = NO;
				PRODUCT_BUNDLE_IDENTIFIER = com.abarbier.Unswash;
				PRODUCT_NAME = "$(TARGET_NAME:c99extidentifier)";
				SKIP_INSTALL = YES;
				SWIFT_VERSION = 4.2;
				TARGETED_DEVICE_FAMILY = "1,2";
			};
			name = Debug;
		};
		8D95C5131FC31269009C5FA1 /* Release */ = {
			isa = XCBuildConfiguration;
			buildSettings = {
				CODE_SIGN_IDENTITY = "";
				CODE_SIGN_STYLE = Automatic;
				DEFINES_MODULE = YES;
				DEVELOPMENT_TEAM = GSBM8D97ZM;
				DYLIB_COMPATIBILITY_VERSION = 1;
				DYLIB_CURRENT_VERSION = 1;
				DYLIB_INSTALL_NAME_BASE = "@rpath";
				INFOPLIST_FILE = Unswash/Info.plist;
				INSTALL_PATH = "$(LOCAL_LIBRARY_DIR)/Frameworks";
				IPHONEOS_DEPLOYMENT_TARGET = 9.0;
				LD_RUNPATH_SEARCH_PATHS = "$(inherited) @executable_path/Frameworks @loader_path/Frameworks";
				PRODUCT_BUNDLE_IDENTIFIER = com.abarbier.Unswash;
				PRODUCT_NAME = "$(TARGET_NAME:c99extidentifier)";
				SKIP_INSTALL = YES;
				SWIFT_VERSION = 4.2;
				TARGETED_DEVICE_FAMILY = "1,2";
			};
			name = Release;
		};
		8D95C5151FC31269009C5FA1 /* Debug */ = {
			isa = XCBuildConfiguration;
			buildSettings = {
				ALWAYS_EMBED_SWIFT_STANDARD_LIBRARIES = YES;
				CODE_SIGN_STYLE = Automatic;
				DEVELOPMENT_TEAM = GSBM8D97ZM;
				INFOPLIST_FILE = UnswashTests/Info.plist;
				LD_RUNPATH_SEARCH_PATHS = "$(inherited) @executable_path/Frameworks @loader_path/Frameworks";
				PRODUCT_BUNDLE_IDENTIFIER = com.abarbier.UnswashTests;
				PRODUCT_NAME = "$(TARGET_NAME)";
				SWIFT_VERSION = 4.2;
				TARGETED_DEVICE_FAMILY = "1,2";
			};
			name = Debug;
		};
		8D95C5161FC31269009C5FA1 /* Release */ = {
			isa = XCBuildConfiguration;
			buildSettings = {
				ALWAYS_EMBED_SWIFT_STANDARD_LIBRARIES = YES;
				CODE_SIGN_STYLE = Automatic;
				DEVELOPMENT_TEAM = GSBM8D97ZM;
				INFOPLIST_FILE = UnswashTests/Info.plist;
				LD_RUNPATH_SEARCH_PATHS = "$(inherited) @executable_path/Frameworks @loader_path/Frameworks";
				PRODUCT_BUNDLE_IDENTIFIER = com.abarbier.UnswashTests;
				PRODUCT_NAME = "$(TARGET_NAME)";
				SWIFT_VERSION = 4.2;
				TARGETED_DEVICE_FAMILY = "1,2";
			};
			name = Release;
		};
/* End XCBuildConfiguration section */

/* Begin XCConfigurationList section */
		8D95C4F71FC31269009C5FA1 /* Build configuration list for PBXProject "Unswash" */ = {
			isa = XCConfigurationList;
			buildConfigurations = (
				8D95C50F1FC31269009C5FA1 /* Debug */,
				8D95C5101FC31269009C5FA1 /* Release */,
			);
			defaultConfigurationIsVisible = 0;
			defaultConfigurationName = Release;
		};
		8D95C5111FC31269009C5FA1 /* Build configuration list for PBXNativeTarget "Unswash" */ = {
			isa = XCConfigurationList;
			buildConfigurations = (
				8D95C5121FC31269009C5FA1 /* Debug */,
				8D95C5131FC31269009C5FA1 /* Release */,
			);
			defaultConfigurationIsVisible = 0;
			defaultConfigurationName = Release;
		};
		8D95C5141FC31269009C5FA1 /* Build configuration list for PBXNativeTarget "UnswashTests" */ = {
			isa = XCConfigurationList;
			buildConfigurations = (
				8D95C5151FC31269009C5FA1 /* Debug */,
				8D95C5161FC31269009C5FA1 /* Release */,
			);
			defaultConfigurationIsVisible = 0;
			defaultConfigurationName = Release;
		};
/* End XCConfigurationList section */
	};
	rootObject = 8D95C4F41FC31269009C5FA1 /* Project object */;
}
